# THIS IS AN AUTOGENERATED FILE. DO NOT EDIT THIS FILE DIRECTLY.
# yarn lockfile v1


"@reduxjs/toolkit@^2.0.1":
  version "2.0.1"
  resolved "https://registry.yarnpkg.com/@reduxjs/toolkit/-/toolkit-2.0.1.tgz#0a5233c1e35c1941b03aece39cceade3467a1062"
  integrity sha512-fxIjrR9934cmS8YXIGd9e7s1XRsEU++aFc9DVNMFMRTM5Vtsg2DCRMj21eslGtDt43IUf9bJL3h5bwUlZleibA==
  dependencies:
    immer "^10.0.3"
    redux "^5.0.0"
    redux-thunk "^3.1.0"
    reselect "^5.0.1"

immer@^10.0.3:
  version "10.0.3"
  resolved "https://registry.yarnpkg.com/immer/-/immer-10.0.3.tgz#a8de42065e964aa3edf6afc282dfc7f7f34ae3c9"
  integrity sha512-pwupu3eWfouuaowscykeckFmVTpqbzW+rXFCX8rQLkZzM9ftBmU/++Ra+o+L27mz03zJTlyV4UUr+fdKNffo4A==

redux-thunk@^3.1.0:
  version "3.1.0"
  resolved "https://registry.yarnpkg.com/redux-thunk/-/redux-thunk-3.1.0.tgz#94aa6e04977c30e14e892eae84978c1af6058ff3"
  integrity sha512-NW2r5T6ksUKXCabzhL9z+h206HQw/NJkcLm1GPImRQ8IzfXwRGqjVhKJGauHirT0DAuyy6hjdnMZaRoAcy0Klw==

redux@^5.0.0:
  version "5.0.0"
  resolved "https://registry.yarnpkg.com/redux/-/redux-5.0.0.tgz#29572e29a439e094ff8fec46883fc45053f6736d"
  integrity sha512-blLIYmYetpZMET6Q6uCY7Jtl/Im5OBldy+vNPauA8vvsdqyt66oep4EUpAMWNHauTC6xa9JuRPhRB72rY82QGA==

reselect@^5.0.1:
  version "5.0.1"
  resolved "https://registry.yarnpkg.com/reselect/-/reselect-5.0.1.tgz#587cdaaeb4e0e8927cff80ebe2bbef05f74b1648"
  integrity sha512-D72j2ubjgHpvuCiORWkOUxndHJrxDaSolheiz5CO+roz8ka97/4msh2E8F5qay4GawR5vzBt5MkbDHT+Rdy/Wg==
